
Microsoft Visual Studio Solution File, Format Version 12.00
# Visual Studio Version 16
VisualStudioVersion = 16.0.31005.135
MinimumVisualStudioVersion = 10.0.40219.1
Project("{FAE04EC0-301F-11D3-BF4B-00C04F79EFBC}") = "NodeController30", "NodeController30\NodeController30.csproj", "{C7DD6E8A-E402-47F7-8B2A-52F37A7C21EF}"
EndProject
Global
	GlobalSection(SolutionConfigurationPlatforms) = preSolution
		Debug|Any CPU = Debug|Any CPU
		Release|Any CPU = Release|Any CPU
	EndGlobalSection
	GlobalSection(ProjectConfigurationPlatforms) = postSolution
		{C7DD6E8A-E402-47F7-8B2A-52F37A7C21EF}.Debug|Any CPU.ActiveCfg = Debug|Any CPU
		{C7DD6E8A-E402-47F7-8B2A-52F37A7C21EF}.Debug|Any CPU.Build.0 = Debug|Any CPU
		{C7DD6E8A-E402-47F7-8B2A-52F37A7C21EF}.Release|Any CPU.ActiveCfg = Release|Any CPU
		{C7DD6E8A-E402-47F7-8B2A-52F37A7C21EF}.Release|Any CPU.Build.0 = Release|Any CPU
	EndGlobalSection
	GlobalSection(SolutionProperties) = preSolution
		HideSolutionNode = FALSE
	EndGlobalSection
	GlobalSection(ExtensibilityGlobals) = postSolution
		SolutionGuid = {81553A2A-DCA5-449A-A08F-0BC55141DD0D}
	EndGlobalSection
EndGlobal
